
Microsoft Visual Studio Solution File, Format Version 12.00
# Visual Studio Version 17
VisualStudioVersion = 17.0.31717.71
MinimumVisualStudioVersion = 10.0.40219.1
Project("{FAE04EC0-301F-11D3-BF4B-00C04F79EFBC}") = "SeasonalChange", "SeasonalChange\SeasonalChange.csproj", "{9BB56BF0-5F38-4831-ADFB-721AA4DF2EF3}"
EndProject
Global
	GlobalSection(SolutionConfigurationPlatforms) = preSolution
		Debug|Any CPU = Debug|Any CPU
		Release|Any CPU = Release|Any CPU
	EndGlobalSection
	GlobalSection(ProjectConfigurationPlatforms) = postSolution
		{9BB56BF0-5F38-4831-ADFB-721AA4DF2EF3}.Debug|Any CPU.ActiveCfg = Debug|Any CPU
		{9BB56BF0-5F38-4831-ADFB-721AA4DF2EF3}.Debug|Any CPU.Build.0 = Debug|Any CPU
		{9BB56BF0-5F38-4831-ADFB-721AA4DF2EF3}.Release|Any CPU.ActiveCfg = Debug|Any CPU
		{9BB56BF0-5F38-4831-ADFB-721AA4DF2EF3}.Release|Any CPU.Build.0 = Debug|Any CPU
	EndGlobalSection
	GlobalSection(SolutionProperties) = preSolution
		HideSolutionNode = FALSE
	EndGlobalSection
	GlobalSection(ExtensibilityGlobals) = postSolution
		SolutionGuid = {F94C30B4-65D0-4D37-922E-991715121F58}
	EndGlobalSection
EndGlobal
