
Microsoft Visual Studio Solution File, Format Version 12.00
# Visual Studio Version 16
VisualStudioVersion = 16.0.31624.102
MinimumVisualStudioVersion = 10.0.40219.1
Project("{FAE04EC0-301F-11D3-BF4B-00C04F79EFBC}") = "MantRaidFpsBoost", "MantRaidFpsBoost\MantRaidFpsBoost.csproj", "{F7602C42-2843-4C1F-9D24-A325F1432DE6}"
EndProject
Global
	GlobalSection(SolutionConfigurationPlatforms) = preSolution
		Debug|Any CPU = Debug|Any CPU
		Release|Any CPU = Release|Any CPU
	EndGlobalSection
	GlobalSection(ProjectConfigurationPlatforms) = postSolution
		{F7602C42-2843-4C1F-9D24-A325F1432DE6}.Debug|Any CPU.ActiveCfg = Debug|Any CPU
		{F7602C42-2843-4C1F-9D24-A325F1432DE6}.Debug|Any CPU.Build.0 = Debug|Any CPU
		{F7602C42-2843-4C1F-9D24-A325F1432DE6}.Release|Any CPU.ActiveCfg = Release|Any CPU
		{F7602C42-2843-4C1F-9D24-A325F1432DE6}.Release|Any CPU.Build.0 = Release|Any CPU
	EndGlobalSection
	GlobalSection(SolutionProperties) = preSolution
		HideSolutionNode = FALSE
	EndGlobalSection
	GlobalSection(ExtensibilityGlobals) = postSolution
		SolutionGuid = {981EDE76-54DC-4F72-8251-4D1E73ADAF15}
	EndGlobalSection
EndGlobal
