
Microsoft Visual Studio Solution File, Format Version 12.00
# Visual Studio Version 17
VisualStudioVersion = 17.4.33205.214
MinimumVisualStudioVersion = 10.0.40219.1
Project("{FAE04EC0-301F-11D3-BF4B-00C04F79EFBC}") = "LuaSupport", "LuaSupport\LuaSupport.csproj", "{1067DDFE-604D-4E6A-A93A-EE65778B25FF}"
EndProject
Global
	GlobalSection(SolutionConfigurationPlatforms) = preSolution
		Debug|Any CPU = Debug|Any CPU
		Debug|x86 = Debug|x86
		Release|Any CPU = Release|Any CPU
		Release|x86 = Release|x86
	EndGlobalSection
	GlobalSection(ProjectConfigurationPlatforms) = postSolution
		{1067DDFE-604D-4E6A-A93A-EE65778B25FF}.Debug|Any CPU.ActiveCfg = Release|Any CPU
		{1067DDFE-604D-4E6A-A93A-EE65778B25FF}.Debug|Any CPU.Build.0 = Release|Any CPU
		{1067DDFE-604D-4E6A-A93A-EE65778B25FF}.Debug|x86.ActiveCfg = Release|Any CPU
		{1067DDFE-604D-4E6A-A93A-EE65778B25FF}.Debug|x86.Build.0 = Release|Any CPU
		{1067DDFE-604D-4E6A-A93A-EE65778B25FF}.Release|Any CPU.ActiveCfg = Release|Any CPU
		{1067DDFE-604D-4E6A-A93A-EE65778B25FF}.Release|Any CPU.Build.0 = Release|Any CPU
		{1067DDFE-604D-4E6A-A93A-EE65778B25FF}.Release|x86.ActiveCfg = Release|x86
		{1067DDFE-604D-4E6A-A93A-EE65778B25FF}.Release|x86.Build.0 = Release|x86
	EndGlobalSection
	GlobalSection(SolutionProperties) = preSolution
		HideSolutionNode = FALSE
	EndGlobalSection
	GlobalSection(ExtensibilityGlobals) = postSolution
		SolutionGuid = {C9B6A584-D264-45E4-BF14-E2A9237B7698}
	EndGlobalSection
EndGlobal
