
Microsoft Visual Studio Solution File, Format Version 12.00
# Visual Studio Version 17
VisualStudioVersion = 17.0.31717.71
MinimumVisualStudioVersion = 10.0.40219.1
Project("{FAE04EC0-301F-11D3-BF4B-00C04F79EFBC}") = "Challenges", "Challenges\Challenges.csproj", "{0CD3D816-532F-419F-8911-2C96A7D25BC0}"
EndProject
Global
	GlobalSection(SolutionConfigurationPlatforms) = preSolution
		Debug|Any CPU = Debug|Any CPU
		Release|Any CPU = Release|Any CPU
	EndGlobalSection
	GlobalSection(ProjectConfigurationPlatforms) = postSolution
		{0CD3D816-532F-419F-8911-2C96A7D25BC0}.Debug|Any CPU.ActiveCfg = Debug|Any CPU
		{0CD3D816-532F-419F-8911-2C96A7D25BC0}.Debug|Any CPU.Build.0 = Debug|Any CPU
		{0CD3D816-532F-419F-8911-2C96A7D25BC0}.Release|Any CPU.ActiveCfg = Release|Any CPU
		{0CD3D816-532F-419F-8911-2C96A7D25BC0}.Release|Any CPU.Build.0 = Release|Any CPU
	EndGlobalSection
	GlobalSection(SolutionProperties) = preSolution
		HideSolutionNode = FALSE
	EndGlobalSection
	GlobalSection(ExtensibilityGlobals) = postSolution
		SolutionGuid = {EEBC4755-9696-4C89-B3E9-BC4318FAF96F}
	EndGlobalSection
EndGlobal
