
Microsoft Visual Studio Solution File, Format Version 12.00
# Visual Studio Version 16
VisualStudioVersion = 16.0.29926.136
MinimumVisualStudioVersion = 10.0.40219.1
Project("{FAE04EC0-301F-11D3-BF4B-00C04F79EFBC}") = "IdleTrackerMod", "IdleTrackerMod\IdleTrackerMod.csproj", "{92FD7E16-472E-4BA6-A473-55F104DDF6A2}"
EndProject
Global
	GlobalSection(SolutionConfigurationPlatforms) = preSolution
		Debug|Any CPU = Debug|Any CPU
		Debug|x86 = Debug|x86
		Release|Any CPU = Release|Any CPU
		Release|x86 = Release|x86
	EndGlobalSection
	GlobalSection(ProjectConfigurationPlatforms) = postSolution
		{92FD7E16-472E-4BA6-A473-55F104DDF6A2}.Debug|Any CPU.ActiveCfg = Debug|Any CPU
		{92FD7E16-472E-4BA6-A473-55F104DDF6A2}.Debug|Any CPU.Build.0 = Debug|Any CPU
		{92FD7E16-472E-4BA6-A473-55F104DDF6A2}.Debug|x86.ActiveCfg = Debug|x86
		{92FD7E16-472E-4BA6-A473-55F104DDF6A2}.Debug|x86.Build.0 = Debug|x86
		{92FD7E16-472E-4BA6-A473-55F104DDF6A2}.Release|Any CPU.ActiveCfg = Release|Any CPU
		{92FD7E16-472E-4BA6-A473-55F104DDF6A2}.Release|Any CPU.Build.0 = Release|Any CPU
		{92FD7E16-472E-4BA6-A473-55F104DDF6A2}.Release|x86.ActiveCfg = Release|x86
		{92FD7E16-472E-4BA6-A473-55F104DDF6A2}.Release|x86.Build.0 = Release|x86
	EndGlobalSection
	GlobalSection(SolutionProperties) = preSolution
		HideSolutionNode = FALSE
	EndGlobalSection
	GlobalSection(ExtensibilityGlobals) = postSolution
		SolutionGuid = {B31CE001-6C28-4EFE-9C78-CCA845C14D35}
	EndGlobalSection
EndGlobal
