
Microsoft Visual Studio Solution File, Format Version 12.00
# Visual Studio Version 16
VisualStudioVersion = 16.0.31624.102
MinimumVisualStudioVersion = 10.0.40219.1
Project("{FAE04EC0-301F-11D3-BF4B-00C04F79EFBC}") = "FasterEntityProcessing", "FasterEntityProcessing\FasterEntityProcessing.csproj", "{54163A10-03F0-4160-8251-F24C968EC169}"
EndProject
Global
	GlobalSection(SolutionConfigurationPlatforms) = preSolution
		Debug|x86 = Debug|x86
		Release|x86 = Release|x86
	EndGlobalSection
	GlobalSection(ProjectConfigurationPlatforms) = postSolution
		{54163A10-03F0-4160-8251-F24C968EC169}.Debug|x86.ActiveCfg = Release|x86
		{54163A10-03F0-4160-8251-F24C968EC169}.Debug|x86.Build.0 = Release|x86
		{54163A10-03F0-4160-8251-F24C968EC169}.Release|x86.ActiveCfg = Release|x86
		{54163A10-03F0-4160-8251-F24C968EC169}.Release|x86.Build.0 = Release|x86
	EndGlobalSection
	GlobalSection(SolutionProperties) = preSolution
		HideSolutionNode = FALSE
	EndGlobalSection
	GlobalSection(ExtensibilityGlobals) = postSolution
		SolutionGuid = {3AD76F52-7F19-49E1-B9DD-1716F116F010}
	EndGlobalSection
EndGlobal
