
Microsoft Visual Studio Solution File, Format Version 12.00
# Visual Studio Version 17
VisualStudioVersion = 17.0.31612.314
MinimumVisualStudioVersion = 10.0.40219.1
Project("{FAE04EC0-301F-11D3-BF4B-00C04F79EFBC}") = "BuildListCache", "BuildListCache\BuildListCache.csproj", "{320F5E71-B203-4361-B8CF-7459CAAE29E1}"
EndProject
Global
	GlobalSection(SolutionConfigurationPlatforms) = preSolution
		Debug|Any CPU = Debug|Any CPU
		Debug|x86 = Debug|x86
		Release|Any CPU = Release|Any CPU
		Release|x86 = Release|x86
	EndGlobalSection
	GlobalSection(ProjectConfigurationPlatforms) = postSolution
		{320F5E71-B203-4361-B8CF-7459CAAE29E1}.Debug|Any CPU.ActiveCfg = Debug|Any CPU
		{320F5E71-B203-4361-B8CF-7459CAAE29E1}.Debug|Any CPU.Build.0 = Debug|Any CPU
		{320F5E71-B203-4361-B8CF-7459CAAE29E1}.Debug|x86.ActiveCfg = Debug|Any CPU
		{320F5E71-B203-4361-B8CF-7459CAAE29E1}.Debug|x86.Build.0 = Debug|Any CPU
		{320F5E71-B203-4361-B8CF-7459CAAE29E1}.Release|Any CPU.ActiveCfg = Debug|Any CPU
		{320F5E71-B203-4361-B8CF-7459CAAE29E1}.Release|Any CPU.Build.0 = Debug|Any CPU
		{320F5E71-B203-4361-B8CF-7459CAAE29E1}.Release|x86.ActiveCfg = Release|x86
		{320F5E71-B203-4361-B8CF-7459CAAE29E1}.Release|x86.Build.0 = Release|x86
	EndGlobalSection
	GlobalSection(SolutionProperties) = preSolution
		HideSolutionNode = FALSE
	EndGlobalSection
	GlobalSection(ExtensibilityGlobals) = postSolution
		SolutionGuid = {16B3F6DD-D62C-4766-8E58-C5901259F074}
	EndGlobalSection
EndGlobal
